
Microsoft Visual Studio Solution File, Format Version 12.00
# Visual Studio Version 17
VisualStudioVersion = 17.0.31903.59
MinimumVisualStudioVersion = 10.0.40219.1
Project("{2150E333-8FDC-42A3-9474-1A3956D46DE8}") = "src", "src", "{827E0CD3-B72D-47B6-A68D-7590B98EB39B}"
EndProject
Project("{FAE04EC0-301F-11D3-BF4B-00C04F79EFBC}") = "Dtde.Abstractions", "src\Dtde.Abstractions\Dtde.Abstractions.csproj", "{7365FC19-E452-48C5-95B9-A4FE0A035A0E}"
EndProject
Project("{FAE04EC0-301F-11D3-BF4B-00C04F79EFBC}") = "Dtde.Core", "src\Dtde.Core\Dtde.Core.csproj", "{2AECA598-5400-44AE-87B6-DDC972558DCE}"
EndProject
Project("{FAE04EC0-301F-11D3-BF4B-00C04F79EFBC}") = "Dtde.EntityFramework", "src\Dtde.EntityFramework\Dtde.EntityFramework.csproj", "{8B006D0E-FF63-4DC4-A485-D14F6376F11A}"
EndProject
Project("{2150E333-8FDC-42A3-9474-1A3956D46DE8}") = "tests", "tests", "{0AB3BF05-4346-4AA6-1389-037BE0695223}"
EndProject
Project("{FAE04EC0-301F-11D3-BF4B-00C04F79EFBC}") = "Dtde.Core.Tests", "tests\Dtde.Core.Tests\Dtde.Core.Tests.csproj", "{A4C665F6-1D3A-47DF-AE7F-409600A26C4D}"
EndProject
Project("{FAE04EC0-301F-11D3-BF4B-00C04F79EFBC}") = "Dtde.EntityFramework.Tests", "tests\Dtde.EntityFramework.Tests\Dtde.EntityFramework.Tests.csproj", "{22730EA1-C623-4089-B321-7A54C19FEA4C}"
EndProject
Project("{FAE04EC0-301F-11D3-BF4B-00C04F79EFBC}") = "Dtde.Integration.Tests", "tests\Dtde.Integration.Tests\Dtde.Integration.Tests.csproj", "{99D7B4E8-719E-4CD6-9D38-B2BDF8EF77B1}"
EndProject
Project("{2150E333-8FDC-42A3-9474-1A3956D46DE8}") = "samples", "samples", "{5D20AA90-6969-D8BD-9DCD-8634F4692FDA}"
EndProject
Project("{FAE04EC0-301F-11D3-BF4B-00C04F79EFBC}") = "Dtde.Sample.WebApi", "samples\Dtde.Sample.WebApi\Dtde.Sample.WebApi.csproj", "{35C707BD-ED08-4438-AFA0-C94298933908}"
EndProject
Project("{FAE04EC0-301F-11D3-BF4B-00C04F79EFBC}") = "Dtde.Samples.RegionSharding", "samples\Dtde.Samples.RegionSharding\Dtde.Samples.RegionSharding.csproj", "{7F784B25-BBD8-4658-926C-8DB8E80BAECF}"
EndProject
Project("{FAE04EC0-301F-11D3-BF4B-00C04F79EFBC}") = "Dtde.Samples.DateSharding", "samples\Dtde.Samples.DateSharding\Dtde.Samples.DateSharding.csproj", "{AC455808-D99A-4F06-ABCB-B15A362511C5}"
EndProject
Project("{FAE04EC0-301F-11D3-BF4B-00C04F79EFBC}") = "Dtde.Samples.HashSharding", "samples\Dtde.Samples.HashSharding\Dtde.Samples.HashSharding.csproj", "{6FD2E973-35FA-4C37-B9CB-6CA0A0A79A1F}"
EndProject
Project("{FAE04EC0-301F-11D3-BF4B-00C04F79EFBC}") = "Dtde.Samples.MultiTenant", "samples\Dtde.Samples.MultiTenant\Dtde.Samples.MultiTenant.csproj", "{55075694-CFCF-42F8-B7ED-64F596C6554C}"
EndProject
Project("{FAE04EC0-301F-11D3-BF4B-00C04F79EFBC}") = "Dtde.Samples.Combined", "samples\Dtde.Samples.Combined\Dtde.Samples.Combined.csproj", "{57047BF4-5FC9-4B65-B18B-A585AABA57D0}"
EndProject
Global
	GlobalSection(SolutionConfigurationPlatforms) = preSolution
		Debug|Any CPU = Debug|Any CPU
		Debug|x64 = Debug|x64
		Debug|x86 = Debug|x86
		Release|Any CPU = Release|Any CPU
		Release|x64 = Release|x64
		Release|x86 = Release|x86
	EndGlobalSection
	GlobalSection(ProjectConfigurationPlatforms) = postSolution
		{7365FC19-E452-48C5-95B9-A4FE0A035A0E}.Debug|Any CPU.ActiveCfg = Debug|Any CPU
		{7365FC19-E452-48C5-95B9-A4FE0A035A0E}.Debug|Any CPU.Build.0 = Debug|Any CPU
		{7365FC19-E452-48C5-95B9-A4FE0A035A0E}.Debug|x64.ActiveCfg = Debug|Any CPU
		{7365FC19-E452-48C5-95B9-A4FE0A035A0E}.Debug|x64.Build.0 = Debug|Any CPU
		{7365FC19-E452-48C5-95B9-A4FE0A035A0E}.Debug|x86.ActiveCfg = Debug|Any CPU
		{7365FC19-E452-48C5-95B9-A4FE0A035A0E}.Debug|x86.Build.0 = Debug|Any CPU
		{7365FC19-E452-48C5-95B9-A4FE0A035A0E}.Release|Any CPU.ActiveCfg = Release|Any CPU
		{7365FC19-E452-48C5-95B9-A4FE0A035A0E}.Release|Any CPU.Build.0 = Release|Any CPU
		{7365FC19-E452-48C5-95B9-A4FE0A035A0E}.Release|x64.ActiveCfg = Release|Any CPU
		{7365FC19-E452-48C5-95B9-A4FE0A035A0E}.Release|x64.Build.0 = Release|Any CPU
		{7365FC19-E452-48C5-95B9-A4FE0A035A0E}.Release|x86.ActiveCfg = Release|Any CPU
		{7365FC19-E452-48C5-95B9-A4FE0A035A0E}.Release|x86.Build.0 = Release|Any CPU
		{2AECA598-5400-44AE-87B6-DDC972558DCE}.Debug|Any CPU.ActiveCfg = Debug|Any CPU
		{2AECA598-5400-44AE-87B6-DDC972558DCE}.Debug|Any CPU.Build.0 = Debug|Any CPU
		{2AECA598-5400-44AE-87B6-DDC972558DCE}.Debug|x64.ActiveCfg = Debug|Any CPU
		{2AECA598-5400-44AE-87B6-DDC972558DCE}.Debug|x64.Build.0 = Debug|Any CPU
		{2AECA598-5400-44AE-87B6-DDC972558DCE}.Debug|x86.ActiveCfg = Debug|Any CPU
		{2AECA598-5400-44AE-87B6-DDC972558DCE}.Debug|x86.Build.0 = Debug|Any CPU
		{2AECA598-5400-44AE-87B6-DDC972558DCE}.Release|Any CPU.ActiveCfg = Release|Any CPU
		{2AECA598-5400-44AE-87B6-DDC972558DCE}.Release|Any CPU.Build.0 = Release|Any CPU
		{2AECA598-5400-44AE-87B6-DDC972558DCE}.Release|x64.ActiveCfg = Release|Any CPU
		{2AECA598-5400-44AE-87B6-DDC972558DCE}.Release|x64.Build.0 = Release|Any CPU
		{2AECA598-5400-44AE-87B6-DDC972558DCE}.Release|x86.ActiveCfg = Release|Any CPU
		{2AECA598-5400-44AE-87B6-DDC972558DCE}.Release|x86.Build.0 = Release|Any CPU
		{8B006D0E-FF63-4DC4-A485-D14F6376F11A}.Debug|Any CPU.ActiveCfg = Debug|Any CPU
		{8B006D0E-FF63-4DC4-A485-D14F6376F11A}.Debug|Any CPU.Build.0 = Debug|Any CPU
		{8B006D0E-FF63-4DC4-A485-D14F6376F11A}.Debug|x64.ActiveCfg = Debug|Any CPU
		{8B006D0E-FF63-4DC4-A485-D14F6376F11A}.Debug|x64.Build.0 = Debug|Any CPU
		{8B006D0E-FF63-4DC4-A485-D14F6376F11A}.Debug|x86.ActiveCfg = Debug|Any CPU
		{8B006D0E-FF63-4DC4-A485-D14F6376F11A}.Debug|x86.Build.0 = Debug|Any CPU
		{8B006D0E-FF63-4DC4-A485-D14F6376F11A}.Release|Any CPU.ActiveCfg = Release|Any CPU
		{8B006D0E-FF63-4DC4-A485-D14F6376F11A}.Release|Any CPU.Build.0 = Release|Any CPU
		{8B006D0E-FF63-4DC4-A485-D14F6376F11A}.Release|x64.ActiveCfg = Release|Any CPU
		{8B006D0E-FF63-4DC4-A485-D14F6376F11A}.Release|x64.Build.0 = Release|Any CPU
		{8B006D0E-FF63-4DC4-A485-D14F6376F11A}.Release|x86.ActiveCfg = Release|Any CPU
		{8B006D0E-FF63-4DC4-A485-D14F6376F11A}.Release|x86.Build.0 = Release|Any CPU
		{A4C665F6-1D3A-47DF-AE7F-409600A26C4D}.Debug|Any CPU.ActiveCfg = Debug|Any CPU
		{A4C665F6-1D3A-47DF-AE7F-409600A26C4D}.Debug|Any CPU.Build.0 = Debug|Any CPU
		{A4C665F6-1D3A-47DF-AE7F-409600A26C4D}.Debug|x64.ActiveCfg = Debug|Any CPU
		{A4C665F6-1D3A-47DF-AE7F-409600A26C4D}.Debug|x64.Build.0 = Debug|Any CPU
		{A4C665F6-1D3A-47DF-AE7F-409600A26C4D}.Debug|x86.ActiveCfg = Debug|Any CPU
		{A4C665F6-1D3A-47DF-AE7F-409600A26C4D}.Debug|x86.Build.0 = Debug|Any CPU
		{A4C665F6-1D3A-47DF-AE7F-409600A26C4D}.Release|Any CPU.ActiveCfg = Release|Any CPU
		{A4C665F6-1D3A-47DF-AE7F-409600A26C4D}.Release|Any CPU.Build.0 = Release|Any CPU
		{A4C665F6-1D3A-47DF-AE7F-409600A26C4D}.Release|x64.ActiveCfg = Release|Any CPU
		{A4C665F6-1D3A-47DF-AE7F-409600A26C4D}.Release|x64.Build.0 = Release|Any CPU
		{A4C665F6-1D3A-47DF-AE7F-409600A26C4D}.Release|x86.ActiveCfg = Release|Any CPU
		{A4C665F6-1D3A-47DF-AE7F-409600A26C4D}.Release|x86.Build.0 = Release|Any CPU
		{22730EA1-C623-4089-B321-7A54C19FEA4C}.Debug|Any CPU.ActiveCfg = Debug|Any CPU
		{22730EA1-C623-4089-B321-7A54C19FEA4C}.Debug|Any CPU.Build.0 = Debug|Any CPU
		{22730EA1-C623-4089-B321-7A54C19FEA4C}.Debug|x64.ActiveCfg = Debug|Any CPU
		{22730EA1-C623-4089-B321-7A54C19FEA4C}.Debug|x64.Build.0 = Debug|Any CPU
		{22730EA1-C623-4089-B321-7A54C19FEA4C}.Debug|x86.ActiveCfg = Debug|Any CPU
		{22730EA1-C623-4089-B321-7A54C19FEA4C}.Debug|x86.Build.0 = Debug|Any CPU
		{22730EA1-C623-4089-B321-7A54C19FEA4C}.Release|Any CPU.ActiveCfg = Release|Any CPU
		{22730EA1-C623-4089-B321-7A54C19FEA4C}.Release|Any CPU.Build.0 = Release|Any CPU
		{22730EA1-C623-4089-B321-7A54C19FEA4C}.Release|x64.ActiveCfg = Release|Any CPU
		{22730EA1-C623-4089-B321-7A54C19FEA4C}.Release|x64.Build.0 = Release|Any CPU
		{22730EA1-C623-4089-B321-7A54C19FEA4C}.Release|x86.ActiveCfg = Release|Any CPU
		{22730EA1-C623-4089-B321-7A54C19FEA4C}.Release|x86.Build.0 = Release|Any CPU
		{99D7B4E8-719E-4CD6-9D38-B2BDF8EF77B1}.Debug|Any CPU.ActiveCfg = Debug|Any CPU
		{99D7B4E8-719E-4CD6-9D38-B2BDF8EF77B1}.Debug|Any CPU.Build.0 = Debug|Any CPU
		{99D7B4E8-719E-4CD6-9D38-B2BDF8EF77B1}.Debug|x64.ActiveCfg = Debug|Any CPU
		{99D7B4E8-719E-4CD6-9D38-B2BDF8EF77B1}.Debug|x64.Build.0 = Debug|Any CPU
		{99D7B4E8-719E-4CD6-9D38-B2BDF8EF77B1}.Debug|x86.ActiveCfg = Debug|Any CPU
		{99D7B4E8-719E-4CD6-9D38-B2BDF8EF77B1}.Debug|x86.Build.0 = Debug|Any CPU
		{99D7B4E8-719E-4CD6-9D38-B2BDF8EF77B1}.Release|Any CPU.ActiveCfg = Release|Any CPU
		{99D7B4E8-719E-4CD6-9D38-B2BDF8EF77B1}.Release|Any CPU.Build.0 = Release|Any CPU
		{99D7B4E8-719E-4CD6-9D38-B2BDF8EF77B1}.Release|x64.ActiveCfg = Release|Any CPU
		{99D7B4E8-719E-4CD6-9D38-B2BDF8EF77B1}.Release|x64.Build.0 = Release|Any CPU
		{99D7B4E8-719E-4CD6-9D38-B2BDF8EF77B1}.Release|x86.ActiveCfg = Release|Any CPU
		{99D7B4E8-719E-4CD6-9D38-B2BDF8EF77B1}.Release|x86.Build.0 = Release|Any CPU
		{35C707BD-ED08-4438-AFA0-C94298933908}.Debug|Any CPU.ActiveCfg = Debug|Any CPU
		{35C707BD-ED08-4438-AFA0-C94298933908}.Debug|Any CPU.Build.0 = Debug|Any CPU
		{35C707BD-ED08-4438-AFA0-C94298933908}.Debug|x64.ActiveCfg = Debug|Any CPU
		{35C707BD-ED08-4438-AFA0-C94298933908}.Debug|x64.Build.0 = Debug|Any CPU
		{35C707BD-ED08-4438-AFA0-C94298933908}.Debug|x86.ActiveCfg = Debug|Any CPU
		{35C707BD-ED08-4438-AFA0-C94298933908}.Debug|x86.Build.0 = Debug|Any CPU
		{35C707BD-ED08-4438-AFA0-C94298933908}.Release|Any CPU.ActiveCfg = Release|Any CPU
		{35C707BD-ED08-4438-AFA0-C94298933908}.Release|Any CPU.Build.0 = Release|Any CPU
		{35C707BD-ED08-4438-AFA0-C94298933908}.Release|x64.ActiveCfg = Release|Any CPU
		{35C707BD-ED08-4438-AFA0-C94298933908}.Release|x64.Build.0 = Release|Any CPU
		{35C707BD-ED08-4438-AFA0-C94298933908}.Release|x86.ActiveCfg = Release|Any CPU
		{35C707BD-ED08-4438-AFA0-C94298933908}.Release|x86.Build.0 = Release|Any CPU
		{7F784B25-BBD8-4658-926C-8DB8E80BAECF}.Debug|Any CPU.ActiveCfg = Debug|Any CPU
		{7F784B25-BBD8-4658-926C-8DB8E80BAECF}.Debug|Any CPU.Build.0 = Debug|Any CPU
		{7F784B25-BBD8-4658-926C-8DB8E80BAECF}.Debug|x64.ActiveCfg = Debug|Any CPU
		{7F784B25-BBD8-4658-926C-8DB8E80BAECF}.Debug|x64.Build.0 = Debug|Any CPU
		{7F784B25-BBD8-4658-926C-8DB8E80BAECF}.Debug|x86.ActiveCfg = Debug|Any CPU
		{7F784B25-BBD8-4658-926C-8DB8E80BAECF}.Debug|x86.Build.0 = Debug|Any CPU
		{7F784B25-BBD8-4658-926C-8DB8E80BAECF}.Release|Any CPU.ActiveCfg = Release|Any CPU
		{7F784B25-BBD8-4658-926C-8DB8E80BAECF}.Release|Any CPU.Build.0 = Release|Any CPU
		{7F784B25-BBD8-4658-926C-8DB8E80BAECF}.Release|x64.ActiveCfg = Release|Any CPU
		{7F784B25-BBD8-4658-926C-8DB8E80BAECF}.Release|x64.Build.0 = Release|Any CPU
		{7F784B25-BBD8-4658-926C-8DB8E80BAECF}.Release|x86.ActiveCfg = Release|Any CPU
		{7F784B25-BBD8-4658-926C-8DB8E80BAECF}.Release|x86.Build.0 = Release|Any CPU
		{AC455808-D99A-4F06-ABCB-B15A362511C5}.Debug|Any CPU.ActiveCfg = Debug|Any CPU
		{AC455808-D99A-4F06-ABCB-B15A362511C5}.Debug|Any CPU.Build.0 = Debug|Any CPU
		{AC455808-D99A-4F06-ABCB-B15A362511C5}.Debug|x64.ActiveCfg = Debug|Any CPU
		{AC455808-D99A-4F06-ABCB-B15A362511C5}.Debug|x64.Build.0 = Debug|Any CPU
		{AC455808-D99A-4F06-ABCB-B15A362511C5}.Debug|x86.ActiveCfg = Debug|Any CPU
		{AC455808-D99A-4F06-ABCB-B15A362511C5}.Debug|x86.Build.0 = Debug|Any CPU
		{AC455808-D99A-4F06-ABCB-B15A362511C5}.Release|Any CPU.ActiveCfg = Release|Any CPU
		{AC455808-D99A-4F06-ABCB-B15A362511C5}.Release|Any CPU.Build.0 = Release|Any CPU
		{AC455808-D99A-4F06-ABCB-B15A362511C5}.Release|x64.ActiveCfg = Release|Any CPU
		{AC455808-D99A-4F06-ABCB-B15A362511C5}.Release|x64.Build.0 = Release|Any CPU
		{AC455808-D99A-4F06-ABCB-B15A362511C5}.Release|x86.ActiveCfg = Release|Any CPU
		{AC455808-D99A-4F06-ABCB-B15A362511C5}.Release|x86.Build.0 = Release|Any CPU
		{6FD2E973-35FA-4C37-B9CB-6CA0A0A79A1F}.Debug|Any CPU.ActiveCfg = Debug|Any CPU
		{6FD2E973-35FA-4C37-B9CB-6CA0A0A79A1F}.Debug|Any CPU.Build.0 = Debug|Any CPU
		{6FD2E973-35FA-4C37-B9CB-6CA0A0A79A1F}.Debug|x64.ActiveCfg = Debug|Any CPU
		{6FD2E973-35FA-4C37-B9CB-6CA0A0A79A1F}.Debug|x64.Build.0 = Debug|Any CPU
		{6FD2E973-35FA-4C37-B9CB-6CA0A0A79A1F}.Debug|x86.ActiveCfg = Debug|Any CPU
		{6FD2E973-35FA-4C37-B9CB-6CA0A0A79A1F}.Debug|x86.Build.0 = Debug|Any CPU
		{6FD2E973-35FA-4C37-B9CB-6CA0A0A79A1F}.Release|Any CPU.ActiveCfg = Release|Any CPU
		{6FD2E973-35FA-4C37-B9CB-6CA0A0A79A1F}.Release|Any CPU.Build.0 = Release|Any CPU
		{6FD2E973-35FA-4C37-B9CB-6CA0A0A79A1F}.Release|x64.ActiveCfg = Release|Any CPU
		{6FD2E973-35FA-4C37-B9CB-6CA0A0A79A1F}.Release|x64.Build.0 = Release|Any CPU
		{6FD2E973-35FA-4C37-B9CB-6CA0A0A79A1F}.Release|x86.ActiveCfg = Release|Any CPU
		{6FD2E973-35FA-4C37-B9CB-6CA0A0A79A1F}.Release|x86.Build.0 = Release|Any CPU
		{55075694-CFCF-42F8-B7ED-64F596C6554C}.Debug|Any CPU.ActiveCfg = Debug|Any CPU
		{55075694-CFCF-42F8-B7ED-64F596C6554C}.Debug|Any CPU.Build.0 = Debug|Any CPU
		{55075694-CFCF-42F8-B7ED-64F596C6554C}.Debug|x64.ActiveCfg = Debug|Any CPU
		{55075694-CFCF-42F8-B7ED-64F596C6554C}.Debug|x64.Build.0 = Debug|Any CPU
		{55075694-CFCF-42F8-B7ED-64F596C6554C}.Debug|x86.ActiveCfg = Debug|Any CPU
		{55075694-CFCF-42F8-B7ED-64F596C6554C}.Debug|x86.Build.0 = Debug|Any CPU
		{55075694-CFCF-42F8-B7ED-64F596C6554C}.Release|Any CPU.ActiveCfg = Release|Any CPU
		{55075694-CFCF-42F8-B7ED-64F596C6554C}.Release|Any CPU.Build.0 = Release|Any CPU
		{55075694-CFCF-42F8-B7ED-64F596C6554C}.Release|x64.ActiveCfg = Release|Any CPU
		{55075694-CFCF-42F8-B7ED-64F596C6554C}.Release|x64.Build.0 = Release|Any CPU
		{55075694-CFCF-42F8-B7ED-64F596C6554C}.Release|x86.ActiveCfg = Release|Any CPU
		{55075694-CFCF-42F8-B7ED-64F596C6554C}.Release|x86.Build.0 = Release|Any CPU
		{57047BF4-5FC9-4B65-B18B-A585AABA57D0}.Debug|Any CPU.ActiveCfg = Debug|Any CPU
		{57047BF4-5FC9-4B65-B18B-A585AABA57D0}.Debug|Any CPU.Build.0 = Debug|Any CPU
		{57047BF4-5FC9-4B65-B18B-A585AABA57D0}.Debug|x64.ActiveCfg = Debug|Any CPU
		{57047BF4-5FC9-4B65-B18B-A585AABA57D0}.Debug|x64.Build.0 = Debug|Any CPU
		{57047BF4-5FC9-4B65-B18B-A585AABA57D0}.Debug|x86.ActiveCfg = Debug|Any CPU
		{57047BF4-5FC9-4B65-B18B-A585AABA57D0}.Debug|x86.Build.0 = Debug|Any CPU
		{57047BF4-5FC9-4B65-B18B-A585AABA57D0}.Release|Any CPU.ActiveCfg = Release|Any CPU
		{57047BF4-5FC9-4B65-B18B-A585AABA57D0}.Release|Any CPU.Build.0 = Release|Any CPU
		{57047BF4-5FC9-4B65-B18B-A585AABA57D0}.Release|x64.ActiveCfg = Release|Any CPU
		{57047BF4-5FC9-4B65-B18B-A585AABA57D0}.Release|x64.Build.0 = Release|Any CPU
		{57047BF4-5FC9-4B65-B18B-A585AABA57D0}.Release|x86.ActiveCfg = Release|Any CPU
		{57047BF4-5FC9-4B65-B18B-A585AABA57D0}.Release|x86.Build.0 = Release|Any CPU
	EndGlobalSection
	GlobalSection(SolutionProperties) = preSolution
		HideSolutionNode = FALSE
	EndGlobalSection
	GlobalSection(NestedProjects) = preSolution
		{7365FC19-E452-48C5-95B9-A4FE0A035A0E} = {827E0CD3-B72D-47B6-A68D-7590B98EB39B}
		{2AECA598-5400-44AE-87B6-DDC972558DCE} = {827E0CD3-B72D-47B6-A68D-7590B98EB39B}
		{8B006D0E-FF63-4DC4-A485-D14F6376F11A} = {827E0CD3-B72D-47B6-A68D-7590B98EB39B}
		{A4C665F6-1D3A-47DF-AE7F-409600A26C4D} = {0AB3BF05-4346-4AA6-1389-037BE0695223}
		{22730EA1-C623-4089-B321-7A54C19FEA4C} = {0AB3BF05-4346-4AA6-1389-037BE0695223}
		{99D7B4E8-719E-4CD6-9D38-B2BDF8EF77B1} = {0AB3BF05-4346-4AA6-1389-037BE0695223}
		{35C707BD-ED08-4438-AFA0-C94298933908} = {5D20AA90-6969-D8BD-9DCD-8634F4692FDA}
		{7F784B25-BBD8-4658-926C-8DB8E80BAECF} = {5D20AA90-6969-D8BD-9DCD-8634F4692FDA}
		{AC455808-D99A-4F06-ABCB-B15A362511C5} = {5D20AA90-6969-D8BD-9DCD-8634F4692FDA}
		{6FD2E973-35FA-4C37-B9CB-6CA0A0A79A1F} = {5D20AA90-6969-D8BD-9DCD-8634F4692FDA}
		{55075694-CFCF-42F8-B7ED-64F596C6554C} = {5D20AA90-6969-D8BD-9DCD-8634F4692FDA}
		{57047BF4-5FC9-4B65-B18B-A585AABA57D0} = {5D20AA90-6969-D8BD-9DCD-8634F4692FDA}
	EndGlobalSection
EndGlobal
